// !$*UTF8*$!
{
	archiveVersion = 1;
	classes = {
	};
	objectVersion = 50;
	objects = {

/* Begin PBXBuildFile section */
		EF30338C25822BDA003AFF18 /* AppDelegate.swift in Sources */ = {isa = PBXBuildFile; fileRef = EF30338B25822BDA003AFF18 /* AppDelegate.swift */; };
		EF30338E25822BDA003AFF18 /* SceneDelegate.swift in Sources */ = {isa = PBXBuildFile; fileRef = EF30338D25822BDA003AFF18 /* SceneDelegate.swift */; };
		EF30339025822BDA003AFF18 /* ContentView.swift in Sources */ = {isa = PBXBuildFile; fileRef = EF30338F25822BDA003AFF18 /* ContentView.swift */; };
		EF30339225822BDC003AFF18 /* Assets.xcassets in Resources */ = {isa = PBXBuildFile; fileRef = EF30339125822BDC003AFF18 /* Assets.xcassets */; };
		EF30339525822BDC003AFF18 /* Preview Assets.xcassets in Resources */ = {isa = PBXBuildFile; fileRef = EF30339425822BDC003AFF18 /* Preview Assets.xcassets */; };
		EF30339825822BDC003AFF18 /* LaunchScreen.storyboard in Resources */ = {isa = PBXBuildFile; fileRef = EF30339625822BDC003AFF18 /* LaunchScreen.storyboard */; };
		EF712E0025836BA700E24189 /* PopularViewModel.swift in Sources */ = {isa = PBXBuildFile; fileRef = EF712DFF25836BA700E24189 /* PopularViewModel.swift */; };
		EF712E052583749200E24189 /* MovieCell.swift in Sources */ = {isa = PBXBuildFile; fileRef = EF712E042583749200E24189 /* MovieCell.swift */; };
		EF712E1E25839D7F00E24189 /* AsyncImage.swift in Sources */ = {isa = PBXBuildFile; fileRef = EF712E1D25839D7F00E24189 /* AsyncImage.swift */; };
		EF8F2E862584DD8800D0A773 /* RandomAccessCollection+Extension.swift in Sources */ = {isa = PBXBuildFile; fileRef = EF8F2E852584DD8800D0A773 /* RandomAccessCollection+Extension.swift */; };
		EF8F2E8C2584DE0900D0A773 /* ImageLoader.swift in Sources */ = {isa = PBXBuildFile; fileRef = EF8F2E8B2584DE0900D0A773 /* ImageLoader.swift */; };
		EF8F2E8F2584DE2A00D0A773 /* ImageCache.swift in Sources */ = {isa = PBXBuildFile; fileRef = EF8F2E8E2584DE2A00D0A773 /* ImageCache.swift */; };
		EF902F6E2582398900917366 /* ApiEndpoint.swift in Sources */ = {isa = PBXBuildFile; fileRef = EF902F3A2582398800917366 /* ApiEndpoint.swift */; };
		EF902F722582398900917366 /* Collection+Extension.swift in Sources */ = {isa = PBXBuildFile; fileRef = EF902F402582398800917366 /* Collection+Extension.swift */; };
		EF902F752582398900917366 /* F.swift in Sources */ = {isa = PBXBuildFile; fileRef = EF902F432582398800917366 /* F.swift */; };
		EF902F762582398900917366 /* URLSessionProtocol.swift in Sources */ = {isa = PBXBuildFile; fileRef = EF902F442582398800917366 /* URLSessionProtocol.swift */; };
		EF902F7A2582398900917366 /* Interceptor.swift in Sources */ = {isa = PBXBuildFile; fileRef = EF902F4A2582398800917366 /* Interceptor.swift */; };
		EF902F7B2582398900917366 /* ResponseHandler.swift in Sources */ = {isa = PBXBuildFile; fileRef = EF902F4C2582398800917366 /* ResponseHandler.swift */; };
		EF902F7C2582398900917366 /* ErrorResponseHandler.swift in Sources */ = {isa = PBXBuildFile; fileRef = EF902F4D2582398800917366 /* ErrorResponseHandler.swift */; };
		EF902F7D2582398900917366 /* JsonResponseHandler.swift in Sources */ = {isa = PBXBuildFile; fileRef = EF902F4E2582398800917366 /* JsonResponseHandler.swift */; };
		EF902F7E2582398900917366 /* ApiClientImpl.swift in Sources */ = {isa = PBXBuildFile; fileRef = EF902F4F2582398800917366 /* ApiClientImpl.swift */; };
		EF902F812582398900917366 /* ApiClient.swift in Sources */ = {isa = PBXBuildFile; fileRef = EF902F522582398800917366 /* ApiClient.swift */; };
		EF902F822582398900917366 /* RepositoriesPagination.swift in Sources */ = {isa = PBXBuildFile; fileRef = EF902F532582398800917366 /* RepositoriesPagination.swift */; };
		EF902F832582398900917366 /* Requests.swift in Sources */ = {isa = PBXBuildFile; fileRef = EF902F542582398800917366 /* Requests.swift */; };
		EF902F842582398900917366 /* UploadFile.swift in Sources */ = {isa = PBXBuildFile; fileRef = EF902F562582398800917366 /* UploadFile.swift */; };
		EF902F852582398900917366 /* BodyConvertible.swift in Sources */ = {isa = PBXBuildFile; fileRef = EF902F572582398800917366 /* BodyConvertible.swift */; };
		EF902F862582398900917366 /* ExtendedApiRequest.swift in Sources */ = {isa = PBXBuildFile; fileRef = EF902F582582398800917366 /* ExtendedApiRequest.swift */; };
		EF902F872582398900917366 /* HttpMethod.swift in Sources */ = {isa = PBXBuildFile; fileRef = EF902F592582398800917366 /* HttpMethod.swift */; };
		EF902F882582398900917366 /* Header.swift in Sources */ = {isa = PBXBuildFile; fileRef = EF902F5A2582398800917366 /* Header.swift */; };
		EF902F892582398900917366 /* QueryField.swift in Sources */ = {isa = PBXBuildFile; fileRef = EF902F5B2582398800917366 /* QueryField.swift */; };
		EF902F8A2582398900917366 /* ApiRequest.swift in Sources */ = {isa = PBXBuildFile; fileRef = EF902F5C2582398800917366 /* ApiRequest.swift */; };
		EF902F8B2582398900917366 /* NetworkRequest.swift in Sources */ = {isa = PBXBuildFile; fileRef = EF902F5D2582398800917366 /* NetworkRequest.swift */; };
		EF902F8E2582398900917366 /* ApiBaseGateway.swift in Sources */ = {isa = PBXBuildFile; fileRef = EF902F602582398800917366 /* ApiBaseGateway.swift */; };
		EF902F8F2582398900917366 /* SearchRepositoriesGateway.swift in Sources */ = {isa = PBXBuildFile; fileRef = EF902F612582398800917366 /* SearchRepositoriesGateway.swift */; };
		EF902F902582398900917366 /* Config.swift in Sources */ = {isa = PBXBuildFile; fileRef = EF902F632582398900917366 /* Config.swift */; };
		EF902F912582398900917366 /* ResponseErrorEntity.swift in Sources */ = {isa = PBXBuildFile; fileRef = EF902F652582398900917366 /* ResponseErrorEntity.swift */; };
		EF902F922582398900917366 /* PaginationEntity.swift in Sources */ = {isa = PBXBuildFile; fileRef = EF902F662582398900917366 /* PaginationEntity.swift */; };
		EF902F952582398900917366 /* MovieEntity.swift in Sources */ = {isa = PBXBuildFile; fileRef = EF902F692582398900917366 /* MovieEntity.swift */; };
		EF902FCB2582429100917366 /* TabViewWrapper.swift in Sources */ = {isa = PBXBuildFile; fileRef = EF902FCA2582429100917366 /* TabViewWrapper.swift */; };
		EF902FCE2582433700917366 /* ToDo in Resources */ = {isa = PBXBuildFile; fileRef = EF902FCD2582433700917366 /* ToDo */; };
/* End PBXBuildFile section */

/* Begin PBXFileReference section */
		EF30338825822BDA003AFF18 /* MovDB.app */ = {isa = PBXFileReference; explicitFileType = wrapper.application; includeInIndex = 0; path = MovDB.app; sourceTree = BUILT_PRODUCTS_DIR; };
		EF30338B25822BDA003AFF18 /* AppDelegate.swift */ = {isa = PBXFileReference; lastKnownFileType = sourcecode.swift; path = AppDelegate.swift; sourceTree = "<group>"; };
		EF30338D25822BDA003AFF18 /* SceneDelegate.swift */ = {isa = PBXFileReference; lastKnownFileType = sourcecode.swift; path = SceneDelegate.swift; sourceTree = "<group>"; };
		EF30338F25822BDA003AFF18 /* ContentView.swift */ = {isa = PBXFileReference; lastKnownFileType = sourcecode.swift; path = ContentView.swift; sourceTree = "<group>"; };
		EF30339125822BDC003AFF18 /* Assets.xcassets */ = {isa = PBXFileReference; lastKnownFileType = folder.assetcatalog; path = Assets.xcassets; sourceTree = "<group>"; };
		EF30339425822BDC003AFF18 /* Preview Assets.xcassets */ = {isa = PBXFileReference; lastKnownFileType = folder.assetcatalog; path = "Preview Assets.xcassets"; sourceTree = "<group>"; };
		EF30339725822BDC003AFF18 /* Base */ = {isa = PBXFileReference; lastKnownFileType = file.storyboard; name = Base; path = Base.lproj/LaunchScreen.storyboard; sourceTree = "<group>"; };
		EF30339925822BDC003AFF18 /* Info.plist */ = {isa = PBXFileReference; lastKnownFileType = text.plist.xml; path = Info.plist; sourceTree = "<group>"; };
		EF712DFF25836BA700E24189 /* PopularViewModel.swift */ = {isa = PBXFileReference; lastKnownFileType = sourcecode.swift; path = PopularViewModel.swift; sourceTree = "<group>"; };
		EF712E042583749200E24189 /* MovieCell.swift */ = {isa = PBXFileReference; lastKnownFileType = sourcecode.swift; path = MovieCell.swift; sourceTree = "<group>"; };
		EF712E1D25839D7F00E24189 /* AsyncImage.swift */ = {isa = PBXFileReference; lastKnownFileType = sourcecode.swift; path = AsyncImage.swift; sourceTree = "<group>"; };
		EF8F2E852584DD8800D0A773 /* RandomAccessCollection+Extension.swift */ = {isa = PBXFileReference; lastKnownFileType = sourcecode.swift; path = "RandomAccessCollection+Extension.swift"; sourceTree = "<group>"; };
		EF8F2E8B2584DE0900D0A773 /* ImageLoader.swift */ = {isa = PBXFileReference; lastKnownFileType = sourcecode.swift; path = ImageLoader.swift; sourceTree = "<group>"; };
		EF8F2E8E2584DE2A00D0A773 /* ImageCache.swift */ = {isa = PBXFileReference; lastKnownFileType = sourcecode.swift; path = ImageCache.swift; sourceTree = "<group>"; };
		EF902F3A2582398800917366 /* ApiEndpoint.swift */ = {isa = PBXFileReference; fileEncoding = 4; lastKnownFileType = sourcecode.swift; path = ApiEndpoint.swift; sourceTree = "<group>"; };
		EF902F402582398800917366 /* Collection+Extension.swift */ = {isa = PBXFileReference; fileEncoding = 4; lastKnownFileType = sourcecode.swift; path = "Collection+Extension.swift"; sourceTree = "<group>"; };
		EF902F432582398800917366 /* F.swift */ = {isa = PBXFileReference; fileEncoding = 4; lastKnownFileType = sourcecode.swift; path = F.swift; sourceTree = "<group>"; };
		EF902F442582398800917366 /* URLSessionProtocol.swift */ = {isa = PBXFileReference; fileEncoding = 4; lastKnownFileType = sourcecode.swift; path = URLSessionProtocol.swift; sourceTree = "<group>"; };
		EF902F4A2582398800917366 /* Interceptor.swift */ = {isa = PBXFileReference; fileEncoding = 4; lastKnownFileType = sourcecode.swift; path = Interceptor.swift; sourceTree = "<group>"; };
		EF902F4C2582398800917366 /* ResponseHandler.swift */ = {isa = PBXFileReference; fileEncoding = 4; lastKnownFileType = sourcecode.swift; path = ResponseHandler.swift; sourceTree = "<group>"; };
		EF902F4D2582398800917366 /* ErrorResponseHandler.swift */ = {isa = PBXFileReference; fileEncoding = 4; lastKnownFileType = sourcecode.swift; path = ErrorResponseHandler.swift; sourceTree = "<group>"; };
		EF902F4E2582398800917366 /* JsonResponseHandler.swift */ = {isa = PBXFileReference; fileEncoding = 4; lastKnownFileType = sourcecode.swift; path = JsonResponseHandler.swift; sourceTree = "<group>"; };
		EF902F4F2582398800917366 /* ApiClientImpl.swift */ = {isa = PBXFileReference; fileEncoding = 4; lastKnownFileType = sourcecode.swift; path = ApiClientImpl.swift; sourceTree = "<group>"; };
		EF902F522582398800917366 /* ApiClient.swift */ = {isa = PBXFileReference; fileEncoding = 4; lastKnownFileType = sourcecode.swift; path = ApiClient.swift; sourceTree = "<group>"; };
		EF902F532582398800917366 /* RepositoriesPagination.swift */ = {isa = PBXFileReference; fileEncoding = 4; lastKnownFileType = sourcecode.swift; path = RepositoriesPagination.swift; sourceTree = "<group>"; };
		EF902F542582398800917366 /* Requests.swift */ = {isa = PBXFileReference; fileEncoding = 4; lastKnownFileType = sourcecode.swift; path = Requests.swift; sourceTree = "<group>"; };
		EF902F562582398800917366 /* UploadFile.swift */ = {isa = PBXFileReference; fileEncoding = 4; lastKnownFileType = sourcecode.swift; path = UploadFile.swift; sourceTree = "<group>"; };
		EF902F572582398800917366 /* BodyConvertible.swift */ = {isa = PBXFileReference; fileEncoding = 4; lastKnownFileType = sourcecode.swift; path = BodyConvertible.swift; sourceTree = "<group>"; };
		EF902F582582398800917366 /* ExtendedApiRequest.swift */ = {isa = PBXFileReference; fileEncoding = 4; lastKnownFileType = sourcecode.swift; path = ExtendedApiRequest.swift; sourceTree = "<group>"; };
		EF902F592582398800917366 /* HttpMethod.swift */ = {isa = PBXFileReference; fileEncoding = 4; lastKnownFileType = sourcecode.swift; path = HttpMethod.swift; sourceTree = "<group>"; };
		EF902F5A2582398800917366 /* Header.swift */ = {isa = PBXFileReference; fileEncoding = 4; lastKnownFileType = sourcecode.swift; path = Header.swift; sourceTree = "<group>"; };
		EF902F5B2582398800917366 /* QueryField.swift */ = {isa = PBXFileReference; fileEncoding = 4; lastKnownFileType = sourcecode.swift; path = QueryField.swift; sourceTree = "<group>"; };
		EF902F5C2582398800917366 /* ApiRequest.swift */ = {isa = PBXFileReference; fileEncoding = 4; lastKnownFileType = sourcecode.swift; path = ApiRequest.swift; sourceTree = "<group>"; };
		EF902F5D2582398800917366 /* NetworkRequest.swift */ = {isa = PBXFileReference; fileEncoding = 4; lastKnownFileType = sourcecode.swift; path = NetworkRequest.swift; sourceTree = "<group>"; };
		EF902F602582398800917366 /* ApiBaseGateway.swift */ = {isa = PBXFileReference; fileEncoding = 4; lastKnownFileType = sourcecode.swift; path = ApiBaseGateway.swift; sourceTree = "<group>"; };
		EF902F612582398800917366 /* SearchRepositoriesGateway.swift */ = {isa = PBXFileReference; fileEncoding = 4; lastKnownFileType = sourcecode.swift; path = SearchRepositoriesGateway.swift; sourceTree = "<group>"; };
		EF902F632582398900917366 /* Config.swift */ = {isa = PBXFileReference; fileEncoding = 4; lastKnownFileType = sourcecode.swift; path = Config.swift; sourceTree = "<group>"; };
		EF902F652582398900917366 /* ResponseErrorEntity.swift */ = {isa = PBXFileReference; fileEncoding = 4; lastKnownFileType = sourcecode.swift; path = ResponseErrorEntity.swift; sourceTree = "<group>"; };
		EF902F662582398900917366 /* PaginationEntity.swift */ = {isa = PBXFileReference; fileEncoding = 4; lastKnownFileType = sourcecode.swift; path = PaginationEntity.swift; sourceTree = "<group>"; };
		EF902F692582398900917366 /* MovieEntity.swift */ = {isa = PBXFileReference; fileEncoding = 4; lastKnownFileType = sourcecode.swift; path = MovieEntity.swift; sourceTree = "<group>"; };
		EF902FCA2582429100917366 /* TabViewWrapper.swift */ = {isa = PBXFileReference; lastKnownFileType = sourcecode.swift; path = TabViewWrapper.swift; sourceTree = "<group>"; };
		EF902FCD2582433700917366 /* ToDo */ = {isa = PBXFileReference; lastKnownFileType = text; path = ToDo; sourceTree = "<group>"; };
/* End PBXFileReference section */

/* Begin PBXFrameworksBuildPhase section */
		EF30338525822BDA003AFF18 /* Frameworks */ = {
			isa = PBXFrameworksBuildPhase;
			buildActionMask = 2147483647;
			files = (
			);
			runOnlyForDeploymentPostprocessing = 0;
		};
/* End PBXFrameworksBuildPhase section */

/* Begin PBXGroup section */
		EF30337F25822BDA003AFF18 = {
			isa = PBXGroup;
			children = (
				EF3033A025822F1C003AFF18 /* Source */,
				EF3033A125822F36003AFF18 /* Resources */,
				EF30338A25822BDA003AFF18 /* MovDB */,
				EF30338925822BDA003AFF18 /* Products */,
			);
			sourceTree = "<group>";
		};
		EF30338925822BDA003AFF18 /* Products */ = {
			isa = PBXGroup;
			children = (
				EF30338825822BDA003AFF18 /* MovDB.app */,
			);
			name = Products;
			sourceTree = "<group>";
		};
		EF30338A25822BDA003AFF18 /* MovDB */ = {
			isa = PBXGroup;
			children = (
				EF30338B25822BDA003AFF18 /* AppDelegate.swift */,
				EF30338D25822BDA003AFF18 /* SceneDelegate.swift */,
				EF902FCD2582433700917366 /* ToDo */,
			);
			path = MovDB;
			sourceTree = "<group>";
		};
		EF30339325822BDC003AFF18 /* Preview Content */ = {
			isa = PBXGroup;
			children = (
				EF30339425822BDC003AFF18 /* Preview Assets.xcassets */,
			);
			path = "Preview Content";
			sourceTree = "<group>";
		};
		EF3033A025822F1C003AFF18 /* Source */ = {
			isa = PBXGroup;
			children = (
				EF902F482582398800917366 /* Geteway */,
				EF902F3F2582398800917366 /* Extensions */,
				EF902F642582398900917366 /* Domain */,
				EF902F622582398900917366 /* Config */,
				EF902F652582398900917366 /* ResponseErrorEntity.swift */,
				EF902F662582398900917366 /* PaginationEntity.swift */,
				EF6D8F892582882D00E54817 /* UI */,
			);
			path = Source;
			sourceTree = "<group>";
		};
		EF3033A125822F36003AFF18 /* Resources */ = {
			isa = PBXGroup;
			children = (
				EF30339925822BDC003AFF18 /* Info.plist */,
				EF30339125822BDC003AFF18 /* Assets.xcassets */,
				EF30339625822BDC003AFF18 /* LaunchScreen.storyboard */,
				EF30339325822BDC003AFF18 /* Preview Content */,
			);
			path = Resources;
			sourceTree = "<group>";
		};
		EF6D8F892582882D00E54817 /* UI */ = {
			isa = PBXGroup;
			children = (
				EF902FCA2582429100917366 /* TabViewWrapper.swift */,
				EF712DFF25836BA700E24189 /* PopularViewModel.swift */,
				EF30338F25822BDA003AFF18 /* ContentView.swift */,
				EF712E042583749200E24189 /* MovieCell.swift */,
				EF8F2E892584DDF500D0A773 /* Image */,
			);
			path = UI;
			sourceTree = "<group>";
		};
		EF8F2E892584DDF500D0A773 /* Image */ = {
			isa = PBXGroup;
			children = (
				EF712E1D25839D7F00E24189 /* AsyncImage.swift */,
				EF8F2E8B2584DE0900D0A773 /* ImageLoader.swift */,
				EF8F2E8E2584DE2A00D0A773 /* ImageCache.swift */,
			);
			path = Image;
			sourceTree = "<group>";
		};
		EF902F3F2582398800917366 /* Extensions */ = {
			isa = PBXGroup;
			children = (
				EF902F402582398800917366 /* Collection+Extension.swift */,
				EF902F432582398800917366 /* F.swift */,
				EF902F442582398800917366 /* URLSessionProtocol.swift */,
				EF8F2E852584DD8800D0A773 /* RandomAccessCollection+Extension.swift */,
			);
			path = Extensions;
			sourceTree = "<group>";
		};
		EF902F482582398800917366 /* Geteway */ = {
			isa = PBXGroup;
			children = (
				EF902F492582398800917366 /* Interceptors */,
				EF902F4B2582398800917366 /* ResponseHandlers */,
				EF902F552582398800917366 /* Componens */,
				EF902F4F2582398800917366 /* ApiClientImpl.swift */,
				EF902F522582398800917366 /* ApiClient.swift */,
				EF902F542582398800917366 /* Requests.swift */,
				EF902F602582398800917366 /* ApiBaseGateway.swift */,
				EF902F612582398800917366 /* SearchRepositoriesGateway.swift */,
				EF902F532582398800917366 /* RepositoriesPagination.swift */,
			);
			path = Geteway;
			sourceTree = "<group>";
		};
		EF902F492582398800917366 /* Interceptors */ = {
			isa = PBXGroup;
			children = (
				EF902F4A2582398800917366 /* Interceptor.swift */,
			);
			path = Interceptors;
			sourceTree = "<group>";
		};
		EF902F4B2582398800917366 /* ResponseHandlers */ = {
			isa = PBXGroup;
			children = (
				EF902F4C2582398800917366 /* ResponseHandler.swift */,
				EF902F4D2582398800917366 /* ErrorResponseHandler.swift */,
				EF902F4E2582398800917366 /* JsonResponseHandler.swift */,
			);
			path = ResponseHandlers;
			sourceTree = "<group>";
		};
		EF902F552582398800917366 /* Componens */ = {
			isa = PBXGroup;
			children = (
				EF902F562582398800917366 /* UploadFile.swift */,
				EF902F572582398800917366 /* BodyConvertible.swift */,
				EF902F582582398800917366 /* ExtendedApiRequest.swift */,
				EF902F592582398800917366 /* HttpMethod.swift */,
				EF902F5A2582398800917366 /* Header.swift */,
				EF902F5B2582398800917366 /* QueryField.swift */,
				EF902F5C2582398800917366 /* ApiRequest.swift */,
				EF902F5D2582398800917366 /* NetworkRequest.swift */,
			);
			path = Componens;
			sourceTree = "<group>";
		};
		EF902F622582398900917366 /* Config */ = {
			isa = PBXGroup;
			children = (
				EF902F3A2582398800917366 /* ApiEndpoint.swift */,
				EF902F632582398900917366 /* Config.swift */,
			);
			path = Config;
			sourceTree = "<group>";
		};
		EF902F642582398900917366 /* Domain */ = {
			isa = PBXGroup;
			children = (
				EF902F692582398900917366 /* MovieEntity.swift */,
			);
			path = Domain;
			sourceTree = "<group>";
		};
/* End PBXGroup section */

/* Begin PBXNativeTarget section */
		EF30338725822BDA003AFF18 /* MovDB */ = {
			isa = PBXNativeTarget;
			buildConfigurationList = EF30339C25822BDC003AFF18 /* Build configuration list for PBXNativeTarget "MovDB" */;
			buildPhases = (
				EF30338425822BDA003AFF18 /* Sources */,
				EF30338525822BDA003AFF18 /* Frameworks */,
				EF30338625822BDA003AFF18 /* Resources */,
			);
			buildRules = (
			);
			dependencies = (
			);
			name = MovDB;
			productName = MovDB;
			productReference = EF30338825822BDA003AFF18 /* MovDB.app */;
			productType = "com.apple.product-type.application";
		};
/* End PBXNativeTarget section */

/* Begin PBXProject section */
		EF30338025822BDA003AFF18 /* Project object */ = {
			isa = PBXProject;
			attributes = {
				LastSwiftUpdateCheck = 1220;
				LastUpgradeCheck = 1220;
				TargetAttributes = {
					EF30338725822BDA003AFF18 = {
						CreatedOnToolsVersion = 12.2;
					};
				};
			};
			buildConfigurationList = EF30338325822BDA003AFF18 /* Build configuration list for PBXProject "MovDB" */;
			compatibilityVersion = "Xcode 9.3";
			developmentRegion = en;
			hasScannedForEncodings = 0;
			knownRegions = (
				en,
				Base,
			);
			mainGroup = EF30337F25822BDA003AFF18;
			productRefGroup = EF30338925822BDA003AFF18 /* Products */;
			projectDirPath = "";
			projectRoot = "";
			targets = (
				EF30338725822BDA003AFF18 /* MovDB */,
			);
		};
/* End PBXProject section */

/* Begin PBXResourcesBuildPhase section */
		EF30338625822BDA003AFF18 /* Resources */ = {
			isa = PBXResourcesBuildPhase;
			buildActionMask = 2147483647;
			files = (
				EF30339825822BDC003AFF18 /* LaunchScreen.storyboard in Resources */,
				EF30339525822BDC003AFF18 /* Preview Assets.xcassets in Resources */,
				EF902FCE2582433700917366 /* ToDo in Resources */,
				EF30339225822BDC003AFF18 /* Assets.xcassets in Resources */,
			);
			runOnlyForDeploymentPostprocessing = 0;
		};
/* End PBXResourcesBuildPhase section */

/* Begin PBXSourcesBuildPhase section */
		EF30338425822BDA003AFF18 /* Sources */ = {
			isa = PBXSourcesBuildPhase;
			buildActionMask = 2147483647;
			files = (
				EF712E0025836BA700E24189 /* PopularViewModel.swift in Sources */,
				EF712E1E25839D7F00E24189 /* AsyncImage.swift in Sources */,
				EF902F8F2582398900917366 /* SearchRepositoriesGateway.swift in Sources */,
				EF902F872582398900917366 /* HttpMethod.swift in Sources */,
				EF902F842582398900917366 /* UploadFile.swift in Sources */,
				EF902F882582398900917366 /* Header.swift in Sources */,
				EF902F862582398900917366 /* ExtendedApiRequest.swift in Sources */,
				EF902F722582398900917366 /* Collection+Extension.swift in Sources */,
				EF902F7C2582398900917366 /* ErrorResponseHandler.swift in Sources */,
				EF8F2E8F2584DE2A00D0A773 /* ImageCache.swift in Sources */,
				EF902F8A2582398900917366 /* ApiRequest.swift in Sources */,
				EF902F922582398900917366 /* PaginationEntity.swift in Sources */,
				EF902F7E2582398900917366 /* ApiClientImpl.swift in Sources */,
				EF902F902582398900917366 /* Config.swift in Sources */,
				EF8F2E8C2584DE0900D0A773 /* ImageLoader.swift in Sources */,
				EF902F812582398900917366 /* ApiClient.swift in Sources */,
				EF712E052583749200E24189 /* MovieCell.swift in Sources */,
				EF902F832582398900917366 /* Requests.swift in Sources */,
				EF30338C25822BDA003AFF18 /* AppDelegate.swift in Sources */,
				EF30338E25822BDA003AFF18 /* SceneDelegate.swift in Sources */,
				EF902F7D2582398900917366 /* JsonResponseHandler.swift in Sources */,
				EF902F7A2582398900917366 /* Interceptor.swift in Sources */,
				EF902F752582398900917366 /* F.swift in Sources */,
				EF30339025822BDA003AFF18 /* ContentView.swift in Sources */,
				EF902F912582398900917366 /* ResponseErrorEntity.swift in Sources */,
				EF902FCB2582429100917366 /* TabViewWrapper.swift in Sources */,
				EF902F8B2582398900917366 /* NetworkRequest.swift in Sources */,
				EF902F852582398900917366 /* BodyConvertible.swift in Sources */,
				EF8F2E862584DD8800D0A773 /* RandomAccessCollection+Extension.swift in Sources */,
				EF902F952582398900917366 /* MovieEntity.swift in Sources */,
				EF902F822582398900917366 /* RepositoriesPagination.swift in Sources */,
				EF902F8E2582398900917366 /* ApiBaseGateway.swift in Sources */,
				EF902F762582398900917366 /* URLSessionProtocol.swift in Sources */,
				EF902F892582398900917366 /* QueryField.swift in Sources */,
				EF902F6E2582398900917366 /* ApiEndpoint.swift in Sources */,
				EF902F7B2582398900917366 /* ResponseHandler.swift in Sources */,
			);
			runOnlyForDeploymentPostprocessing = 0;
		};
/* End PBXSourcesBuildPhase section */

/* Begin PBXVariantGroup section */
		EF30339625822BDC003AFF18 /* LaunchScreen.storyboard */ = {
			isa = PBXVariantGroup;
			children = (
				EF30339725822BDC003AFF18 /* Base */,
			);
			name = LaunchScreen.storyboard;
			sourceTree = "<group>";
		};
/* End PBXVariantGroup section */

/* Begin XCBuildConfiguration section */
		EF30339A25822BDC003AFF18 /* Debug */ = {
			isa = XCBuildConfiguration;
			buildSettings = {
				ALWAYS_SEARCH_USER_PATHS = NO;
				CLANG_ANALYZER_NONNULL = YES;
				CLANG_ANALYZER_NUMBER_OBJECT_CONVERSION = YES_AGGRESSIVE;
				CLANG_CXX_LANGUAGE_STANDARD = "gnu++14";
				CLANG_CXX_LIBRARY = "libc++";
				CLANG_ENABLE_MODULES = YES;
				CLANG_ENABLE_OBJC_ARC = YES;
				CLANG_ENABLE_OBJC_WEAK = YES;
				CLANG_WARN_BLOCK_CAPTURE_AUTORELEASING = YES;
				CLANG_WARN_BOOL_CONVERSION = YES;
				CLANG_WARN_COMMA = YES;
				CLANG_WARN_CONSTANT_CONVERSION = YES;
				CLANG_WARN_DEPRECATED_OBJC_IMPLEMENTATIONS = YES;
				CLANG_WARN_DIRECT_OBJC_ISA_USAGE = YES_ERROR;
				CLANG_WARN_DOCUMENTATION_COMMENTS = YES;
				CLANG_WARN_EMPTY_BODY = YES;
				CLANG_WARN_ENUM_CONVERSION = YES;
				CLANG_WARN_INFINITE_RECURSION = YES;
				CLANG_WARN_INT_CONVERSION = YES;
				CLANG_WARN_NON_LITERAL_NULL_CONVERSION = YES;
				CLANG_WARN_OBJC_IMPLICIT_RETAIN_SELF = YES;
				CLANG_WARN_OBJC_LITERAL_CONVERSION = YES;
				CLANG_WARN_OBJC_ROOT_CLASS = YES_ERROR;
				CLANG_WARN_QUOTED_INCLUDE_IN_FRAMEWORK_HEADER = YES;
				CLANG_WARN_RANGE_LOOP_ANALYSIS = YES;
				CLANG_WARN_STRICT_PROTOTYPES = YES;
				CLANG_WARN_SUSPICIOUS_MOVE = YES;
				CLANG_WARN_UNGUARDED_AVAILABILITY = YES_AGGRESSIVE;
				CLANG_WARN_UNREACHABLE_CODE = YES;
				CLANG_WARN__DUPLICATE_METHOD_MATCH = YES;
				COPY_PHASE_STRIP = NO;
				DEBUG_INFORMATION_FORMAT = dwarf;
				ENABLE_STRICT_OBJC_MSGSEND = YES;
				ENABLE_TESTABILITY = YES;
				GCC_C_LANGUAGE_STANDARD = gnu11;
				GCC_DYNAMIC_NO_PIC = NO;
				GCC_NO_COMMON_BLOCKS = YES;
				GCC_OPTIMIZATION_LEVEL = 0;
				GCC_PREPROCESSOR_DEFINITIONS = (
					"DEBUG=1",
					"$(inherited)",
				);
				GCC_WARN_64_TO_32_BIT_CONVERSION = YES;
				GCC_WARN_ABOUT_RETURN_TYPE = YES_ERROR;
				GCC_WARN_UNDECLARED_SELECTOR = YES;
				GCC_WARN_UNINITIALIZED_AUTOS = YES_AGGRESSIVE;
				GCC_WARN_UNUSED_FUNCTION = YES;
				GCC_WARN_UNUSED_VARIABLE = YES;
				IPHONEOS_DEPLOYMENT_TARGET = 14.2;
				MTL_ENABLE_DEBUG_INFO = INCLUDE_SOURCE;
				MTL_FAST_MATH = YES;
				ONLY_ACTIVE_ARCH = YES;
				SDKROOT = iphoneos;
				SWIFT_ACTIVE_COMPILATION_CONDITIONS = DEBUG;
				SWIFT_OPTIMIZATION_LEVEL = "-Onone";
			};
			name = Debug;
		};
		EF30339B25822BDC003AFF18 /* Release */ = {
			isa = XCBuildConfiguration;
			buildSettings = {
				ALWAYS_SEARCH_USER_PATHS = NO;
				CLANG_ANALYZER_NONNULL = YES;
				CLANG_ANALYZER_NUMBER_OBJECT_CONVERSION = YES_AGGRESSIVE;
				CLANG_CXX_LANGUAGE_STANDARD = "gnu++14";
				CLANG_CXX_LIBRARY = "libc++";
				CLANG_ENABLE_MODULES = YES;
				CLANG_ENABLE_OBJC_ARC = YES;
				CLANG_ENABLE_OBJC_WEAK = YES;
				CLANG_WARN_BLOCK_CAPTURE_AUTORELEASING = YES;
				CLANG_WARN_BOOL_CONVERSION = YES;
				CLANG_WARN_COMMA = YES;
				CLANG_WARN_CONSTANT_CONVERSION = YES;
				CLANG_WARN_DEPRECATED_OBJC_IMPLEMENTATIONS = YES;
				CLANG_WARN_DIRECT_OBJC_ISA_USAGE = YES_ERROR;
				CLANG_WARN_DOCUMENTATION_COMMENTS = YES;
				CLANG_WARN_EMPTY_BODY = YES;
				CLANG_WARN_ENUM_CONVERSION = YES;
				CLANG_WARN_INFINITE_RECURSION = YES;
				CLANG_WARN_INT_CONVERSION = YES;
				CLANG_WARN_NON_LITERAL_NULL_CONVERSION = YES;
				CLANG_WARN_OBJC_IMPLICIT_RETAIN_SELF = YES;
				CLANG_WARN_OBJC_LITERAL_CONVERSION = YES;
				CLANG_WARN_OBJC_ROOT_CLASS = YES_ERROR;
				CLANG_WARN_QUOTED_INCLUDE_IN_FRAMEWORK_HEADER = YES;
				CLANG_WARN_RANGE_LOOP_ANALYSIS = YES;
				CLANG_WARN_STRICT_PROTOTYPES = YES;
				CLANG_WARN_SUSPICIOUS_MOVE = YES;
				CLANG_WARN_UNGUARDED_AVAILABILITY = YES_AGGRESSIVE;
				CLANG_WARN_UNREACHABLE_CODE = YES;
				CLANG_WARN__DUPLICATE_METHOD_MATCH = YES;
				COPY_PHASE_STRIP = NO;
				DEBUG_INFORMATION_FORMAT = "dwarf-with-dsym";
				ENABLE_NS_ASSERTIONS = NO;
				ENABLE_STRICT_OBJC_MSGSEND = YES;
				GCC_C_LANGUAGE_STANDARD = gnu11;
				GCC_NO_COMMON_BLOCKS = YES;
				GCC_WARN_64_TO_32_BIT_CONVERSION = YES;
				GCC_WARN_ABOUT_RETURN_TYPE = YES_ERROR;
				GCC_WARN_UNDECLARED_SELECTOR = YES;
				GCC_WARN_UNINITIALIZED_AUTOS = YES_AGGRESSIVE;
				GCC_WARN_UNUSED_FUNCTION = YES;
				GCC_WARN_UNUSED_VARIABLE = YES;
				IPHONEOS_DEPLOYMENT_TARGET = 14.2;
				MTL_ENABLE_DEBUG_INFO = NO;
				MTL_FAST_MATH = YES;
				SDKROOT = iphoneos;
				SWIFT_COMPILATION_MODE = wholemodule;
				SWIFT_OPTIMIZATION_LEVEL = "-O";
				VALIDATE_PRODUCT = YES;
			};
			name = Release;
		};
		EF30339D25822BDC003AFF18 /* Debug */ = {
			isa = XCBuildConfiguration;
			buildSettings = {
				ASSETCATALOG_COMPILER_APPICON_NAME = AppIcon;
				ASSETCATALOG_COMPILER_GLOBAL_ACCENT_COLOR_NAME = AccentColor;
				CODE_SIGN_STYLE = Automatic;
				DEVELOPMENT_ASSET_PATHS = "\"Resources/Preview Content\"";
				ENABLE_PREVIEWS = YES;
				INFOPLIST_FILE = Resources/Info.plist;
				LD_RUNPATH_SEARCH_PATHS = (
					"$(inherited)",
					"@executable_path/Frameworks",
				);
				PRODUCT_BUNDLE_IDENTIFIER = com.education.projects.MovDB;
				PRODUCT_NAME = "$(TARGET_NAME)";
				SWIFT_VERSION = 5.0;
				TARGETED_DEVICE_FAMILY = "1,2";
			};
			name = Debug;
		};
		EF30339E25822BDC003AFF18 /* Release */ = {
			isa = XCBuildConfiguration;
			buildSettings = {
				ASSETCATALOG_COMPILER_APPICON_NAME = AppIcon;
				ASSETCATALOG_COMPILER_GLOBAL_ACCENT_COLOR_NAME = AccentColor;
				CODE_SIGN_STYLE = Automatic;
				DEVELOPMENT_ASSET_PATHS = "\"Resources/Preview Content\"";
				ENABLE_PREVIEWS = YES;
				INFOPLIST_FILE = Resources/Info.plist;
				LD_RUNPATH_SEARCH_PATHS = (
					"$(inherited)",
					"@executable_path/Frameworks",
				);
				PRODUCT_BUNDLE_IDENTIFIER = com.education.projects.MovDB;
				PRODUCT_NAME = "$(TARGET_NAME)";
				SWIFT_VERSION = 5.0;
				TARGETED_DEVICE_FAMILY = "1,2";
			};
			name = Release;
		};
/* End XCBuildConfiguration section */

/* Begin XCConfigurationList section */
		EF30338325822BDA003AFF18 /* Build configuration list for PBXProject "MovDB" */ = {
			isa = XCConfigurationList;
			buildConfigurations = (
				EF30339A25822BDC003AFF18 /* Debug */,
				EF30339B25822BDC003AFF18 /* Release */,
			);
			defaultConfigurationIsVisible = 0;
			defaultConfigurationName = Release;
		};
		EF30339C25822BDC003AFF18 /* Build configuration list for PBXNativeTarget "MovDB" */ = {
			isa = XCConfigurationList;
			buildConfigurations = (
				EF30339D25822BDC003AFF18 /* Debug */,
				EF30339E25822BDC003AFF18 /* Release */,
			);
			defaultConfigurationIsVisible = 0;
			defaultConfigurationName = Release;
		};
/* End XCConfigurationList section */
	};
	rootObject = EF30338025822BDA003AFF18 /* Project object */;
}
